// !$*UTF8*$!
{
	archiveVersion = 1;
	classes = {
	};
	objectVersion = 46;
	objects = {

/* Begin PBXAggregateTarget section */
		AF3CD94167B140D481F144A6 /* ZERO_CHECK */ = {
			isa = PBXAggregateTarget;
			buildConfigurationList = 03B34DC8AC284D7CB511FAF1 /* Build configuration list for PBXAggregateTarget "ZERO_CHECK" */;
			buildPhases = (
				10C1371A66634A6C9DCD7EB8 /* CMake Rules */,
			);
			dependencies = (
			);
			name = ZERO_CHECK;
			productName = ZERO_CHECK;
		};
		B82F12178B1F48AD82D4A93A /* ALL_BUILD */ = {
			isa = PBXAggregateTarget;
			buildConfigurationList = 128F6F11264D4C34B30884D8 /* Build configuration list for PBXAggregateTarget "ALL_BUILD" */;
			buildPhases = (
				24B56FEA0B3D401E8F0A49C3 /* CMake Rules */,
			);
			dependencies = (
				F5994240A04A4F30987D3467 /* PBXTargetDependency */,
				E7AB99C7B2894A0694DD5854 /* PBXTargetDependency */,
			);
			name = ALL_BUILD;
			productName = ALL_BUILD;
		};
/* End PBXAggregateTarget section */

/* Begin PBXBuildFile section */
		4167963A6EB44CE695C296BB /* MPC.cpp in Sources */ = {isa = PBXBuildFile; fileRef = A047D724C3724CD7A9BC98BB /* MPC.cpp */; };
		89AC55EEA3174AC395AA5371 /* main.cpp in Sources */ = {isa = PBXBuildFile; fileRef = 35C2AC6C25B440A5B6C84296 /* main.cpp */; };
/* End PBXBuildFile section */

/* Begin PBXContainerItemProxy section */
		51935B7BD60A4C9986D335DC /* PBXContainerItemProxy */ = {
			isa = PBXContainerItemProxy;
			containerPortal = FD840760EEA343CBBFB965AF /* Project object */;
			proxyType = 1;
			remoteGlobalIDString = E2AD13832B1449B8A2F369E1;
			remoteInfo = mpc;
		};
		B5A187586EF740BFACDA0391 /* PBXContainerItemProxy */ = {
			isa = PBXContainerItemProxy;
			containerPortal = FD840760EEA343CBBFB965AF /* Project object */;
			proxyType = 1;
			remoteGlobalIDString = AF3CD94167B140D481F144A6;
			remoteInfo = ZERO_CHECK;
		};
		EE4DE8251D67408C91A1A87F /* PBXContainerItemProxy */ = {
			isa = PBXContainerItemProxy;
			containerPortal = FD840760EEA343CBBFB965AF /* Project object */;
			proxyType = 1;
			remoteGlobalIDString = AF3CD94167B140D481F144A6;
			remoteInfo = ZERO_CHECK;
		};
/* End PBXContainerItemProxy section */

/* Begin PBXFileReference section */
		31C2FAB31F5C8FD4009D9BA4 /* json.hpp */ = {isa = PBXFileReference; fileEncoding = 4; lastKnownFileType = sourcecode.cpp.h; name = json.hpp; path = src/json.hpp; sourceTree = "<group>"; };
		31C2FAB41F5C8FD4009D9BA4 /* MPC.h */ = {isa = PBXFileReference; fileEncoding = 4; lastKnownFileType = sourcecode.c.h; name = MPC.h; path = src/MPC.h; sourceTree = "<group>"; };
		35C2AC6C25B440A5B6C84296 /* main.cpp */ = {isa = PBXFileReference; explicitFileType = sourcecode.cpp.cpp; fileEncoding = 4; name = main.cpp; path = src/main.cpp; sourceTree = SOURCE_ROOT; };
		847E2948669F4E4780C212C9 /* mpc */ = {isa = PBXFileReference; explicitFileType = "compiled.mach-o.executable"; path = mpc; sourceTree = BUILT_PRODUCTS_DIR; };
		A047D724C3724CD7A9BC98BB /* MPC.cpp */ = {isa = PBXFileReference; explicitFileType = sourcecode.cpp.cpp; fileEncoding = 4; name = MPC.cpp; path = src/MPC.cpp; sourceTree = SOURCE_ROOT; };
		A62A7D7396284F51B62898E9 /* CMakeLists.txt */ = {isa = PBXFileReference; explicitFileType = sourcecode.text; fileEncoding = 4; lastKnownFileType = text; path = CMakeLists.txt; sourceTree = SOURCE_ROOT; };
		AF628B0BC0464E8B8B6F7C20 /* CMakeLists.txt */ = {isa = PBXFileReference; explicitFileType = sourcecode.text; fileEncoding = 4; lastKnownFileType = text; path = CMakeLists.txt; sourceTree = SOURCE_ROOT; };
		C3174AD0E9CD46DB9F29EE14 /* CMakeLists.txt */ = {isa = PBXFileReference; explicitFileType = sourcecode.text; fileEncoding = 4; lastKnownFileType = text; path = CMakeLists.txt; sourceTree = SOURCE_ROOT; };
/* End PBXFileReference section */

/* Begin PBXGroup section */
		27B018AE88EC459A8A03A2E3 /* ALL_BUILD */ = {
			isa = PBXGroup;
			children = (
				3553E82F67484AF89CA4916A /* CMake Rules */,
				AF628B0BC0464E8B8B6F7C20 /* CMakeLists.txt */,
			);
			name = ALL_BUILD;
			sourceTree = "<group>";
		};
		3553E82F67484AF89CA4916A /* CMake Rules */ = {
			isa = PBXGroup;
			children = (
			);
			name = "CMake Rules";
			sourceTree = "<group>";
		};
		489D9B4701FD46FDA56E829B /* Products */ = {
			isa = PBXGroup;
			children = (
				847E2948669F4E4780C212C9 /* mpc */,
			);
			name = Products;
			sourceTree = "<group>";
		};
		5CE1CFD640C6419D921CCE7B /* CMake Rules */ = {
			isa = PBXGroup;
			children = (
			);
			name = "CMake Rules";
			sourceTree = "<group>";
		};
		5DB0BF8840804CD5AF4EA6A4 /* ZERO_CHECK */ = {
			isa = PBXGroup;
			children = (
				5CE1CFD640C6419D921CCE7B /* CMake Rules */,
				A62A7D7396284F51B62898E9 /* CMakeLists.txt */,
			);
			name = ZERO_CHECK;
			sourceTree = "<group>";
		};
		79B4631A01504D1B9F1588AA /* mpc */ = {
			isa = PBXGroup;
			children = (
				DA30C16BAB1F40938AA3D863 /* Source Files */,
				C3174AD0E9CD46DB9F29EE14 /* CMakeLists.txt */,
			);
			name = mpc;
			sourceTree = "<group>";
		};
		8E992E117FA240B4900A9C0A = {
			isa = PBXGroup;
			children = (
				79B4631A01504D1B9F1588AA /* mpc */,
				27B018AE88EC459A8A03A2E3 /* ALL_BUILD */,
				5DB0BF8840804CD5AF4EA6A4 /* ZERO_CHECK */,
				489D9B4701FD46FDA56E829B /* Products */,
			);
			sourceTree = "<group>";
		};
		DA30C16BAB1F40938AA3D863 /* Source Files */ = {
			isa = PBXGroup;
			children = (
				31C2FAB31F5C8FD4009D9BA4 /* json.hpp */,
				31C2FAB41F5C8FD4009D9BA4 /* MPC.h */,
				A047D724C3724CD7A9BC98BB /* MPC.cpp */,
				35C2AC6C25B440A5B6C84296 /* main.cpp */,
			);
			name = "Source Files";
			sourceTree = "<group>";
		};
/* End PBXGroup section */

/* Begin PBXNativeTarget section */
		E2AD13832B1449B8A2F369E1 /* mpc */ = {
			isa = PBXNativeTarget;
			buildConfigurationList = 4BF79C7459734F60B7635AB5 /* Build configuration list for PBXNativeTarget "mpc" */;
			buildPhases = (
				9A134E6040824E41A3EFBBFB /* Sources */,
			);
			buildRules = (
			);
			dependencies = (
				E5BD5CB599B24230A9F3571C /* PBXTargetDependency */,
			);
			name = mpc;
			productName = mpc;
			productReference = 847E2948669F4E4780C212C9 /* mpc */;
			productType = "com.apple.product-type.tool";
		};
/* End PBXNativeTarget section */

/* Begin PBXProject section */
		FD840760EEA343CBBFB965AF /* Project object */ = {
			isa = PBXProject;
			attributes = {
				BuildIndependentTargetsInParallel = YES;
				LastUpgradeCheck = 0830;
			};
			buildConfigurationList = 24B04AE0806646D5A9B1FA29 /* Build configuration list for PBXProject "MPC" */;
			compatibilityVersion = "Xcode 3.2";
			developmentRegion = English;
			hasScannedForEncodings = 0;
			knownRegions = (
				en,
			);
			mainGroup = 8E992E117FA240B4900A9C0A;
			projectDirPath = "";
			projectRoot = "";
			targets = (
				B82F12178B1F48AD82D4A93A /* ALL_BUILD */,
				AF3CD94167B140D481F144A6 /* ZERO_CHECK */,
				E2AD13832B1449B8A2F369E1 /* mpc */,
			);
		};
/* End PBXProject section */

/* Begin PBXShellScriptBuildPhase section */
		10C1371A66634A6C9DCD7EB8 /* CMake Rules */ = {
			isa = PBXShellScriptBuildPhase;
			buildActionMask = 2147483647;
			files = (
			);
			name = "CMake Rules";
			outputPaths = (
				"/Users/KrazyK/Documents/Udacity/CarND-Model-Predictive-Controller/CarND-MPC-Project-Submission/CMakeFiles/ZERO_CHECK",
			);
			runOnlyForDeploymentPostprocessing = 0;
			shellPath = /bin/sh;
			shellScript = "make -C /Users/KrazyK/Documents/Udacity/CarND-Model-Predictive-Controller/CarND-MPC-Project-Submission -f /Users/KrazyK/Documents/Udacity/CarND-Model-Predictive-Controller/CarND-MPC-Project-Submission/CMakeScripts/ZERO_CHECK_cmakeRulesBuildPhase.make$CONFIGURATION all";
			showEnvVarsInLog = 0;
		};
		24B56FEA0B3D401E8F0A49C3 /* CMake Rules */ = {
			isa = PBXShellScriptBuildPhase;
			buildActionMask = 2147483647;
			files = (
			);
			name = "CMake Rules";
			outputPaths = (
				"/Users/KrazyK/Documents/Udacity/CarND-Model-Predictive-Controller/CarND-MPC-Project-Submission/CMakeFiles/ALL_BUILD",
			);
			runOnlyForDeploymentPostprocessing = 0;
			shellPath = /bin/sh;
			shellScript = "make -C /Users/KrazyK/Documents/Udacity/CarND-Model-Predictive-Controller/CarND-MPC-Project-Submission -f /Users/KrazyK/Documents/Udacity/CarND-Model-Predictive-Controller/CarND-MPC-Project-Submission/CMakeScripts/ALL_BUILD_cmakeRulesBuildPhase.make$CONFIGURATION all";
			showEnvVarsInLog = 0;
		};
/* End PBXShellScriptBuildPhase section */

/* Begin PBXSourcesBuildPhase section */
		9A134E6040824E41A3EFBBFB /* Sources */ = {
			isa = PBXSourcesBuildPhase;
			buildActionMask = 2147483647;
			files = (
				4167963A6EB44CE695C296BB /* MPC.cpp in Sources */,
				89AC55EEA3174AC395AA5371 /* main.cpp in Sources */,
			);
			runOnlyForDeploymentPostprocessing = 0;
		};
/* End PBXSourcesBuildPhase section */

/* Begin PBXTargetDependency section */
		E5BD5CB599B24230A9F3571C /* PBXTargetDependency */ = {
			isa = PBXTargetDependency;
			target = AF3CD94167B140D481F144A6 /* ZERO_CHECK */;
			targetProxy = B5A187586EF740BFACDA0391 /* PBXContainerItemProxy */;
		};
		E7AB99C7B2894A0694DD5854 /* PBXTargetDependency */ = {
			isa = PBXTargetDependency;
			target = AF3CD94167B140D481F144A6 /* ZERO_CHECK */;
			targetProxy = EE4DE8251D67408C91A1A87F /* PBXContainerItemProxy */;
		};
		F5994240A04A4F30987D3467 /* PBXTargetDependency */ = {
			isa = PBXTargetDependency;
			target = E2AD13832B1449B8A2F369E1 /* mpc */;
			targetProxy = 51935B7BD60A4C9986D335DC /* PBXContainerItemProxy */;
		};
/* End PBXTargetDependency section */

/* Begin XCBuildConfiguration section */
		076D9E1767534514A1E35DB3 /* RelWithDebInfo */ = {
			isa = XCBuildConfiguration;
			buildSettings = {
				COMBINE_HIDPI_IMAGES = YES;
				GCC_GENERATE_DEBUGGING_SYMBOLS = YES;
				GCC_INLINES_ARE_PRIVATE_EXTERN = NO;
				GCC_OPTIMIZATION_LEVEL = 0;
				GCC_PREPROCESSOR_DEFINITIONS = "'CMAKE_INTDIR=\"$(CONFIGURATION)$(EFFECTIVE_PLATFORM_NAME)\"'";
				GCC_SYMBOLS_PRIVATE_EXTERN = NO;
				HEADER_SEARCH_PATHS = (
					/usr/local/include,
					"/Users/KrazyK/Documents/Udacity/CarND-Model-Predictive-Controller/CarND-MPC-Project-Submission/src/Eigen-3.3",
					/usr/local/opt/openssl/include,
				);
				INSTALL_PATH = "";
				OTHER_LDFLAGS = " ";
				OTHER_REZFLAGS = "";
				PRODUCT_NAME = ALL_BUILD;
				SECTORDER_FLAGS = "";
				SYMROOT = "/Users/KrazyK/Documents/Udacity/CarND-Model-Predictive-Controller/CarND-MPC-Project-Submission";
				USE_HEADERMAP = NO;
				WARNING_CFLAGS = (
					"-Wmost",
					"-Wno-four-char-constants",
					"-Wno-unknown-pragmas",
					"$(inherited)",
				);
			};
			name = RelWithDebInfo;
		};
		196868E4023F4BC59D31C55D /* Release */ = {
			isa = XCBuildConfiguration;
			buildSettings = {
				COMBINE_HIDPI_IMAGES = YES;
				GCC_GENERATE_DEBUGGING_SYMBOLS = YES;
				GCC_INLINES_ARE_PRIVATE_EXTERN = NO;
				GCC_OPTIMIZATION_LEVEL = 0;
				GCC_PREPROCESSOR_DEFINITIONS = "'CMAKE_INTDIR=\"$(CONFIGURATION)$(EFFECTIVE_PLATFORM_NAME)\"'";
				GCC_SYMBOLS_PRIVATE_EXTERN = NO;
				HEADER_SEARCH_PATHS = (
					/usr/local/include,
					"/Users/KrazyK/Documents/Udacity/CarND-Model-Predictive-Controller/CarND-MPC-Project-Submission/src/Eigen-3.3",
					/usr/local/opt/openssl/include,
				);
				INSTALL_PATH = "";
				OTHER_LDFLAGS = " ";
				OTHER_REZFLAGS = "";
				PRODUCT_NAME = ALL_BUILD;
				SECTORDER_FLAGS = "";
				SYMROOT = "/Users/KrazyK/Documents/Udacity/CarND-Model-Predictive-Controller/CarND-MPC-Project-Submission";
				USE_HEADERMAP = NO;
				WARNING_CFLAGS = (
					"-Wmost",
					"-Wno-four-char-constants",
					"-Wno-unknown-pragmas",
					"$(inherited)",
				);
			};
			name = Release;
		};
		253D65EAF3E448A7A0D11241 /* RelWithDebInfo */ = {
			isa = XCBuildConfiguration;
			buildSettings = {
				COMBINE_HIDPI_IMAGES = YES;
				EXECUTABLE_PREFIX = "";
				EXECUTABLE_SUFFIX = "";
				GCC_GENERATE_DEBUGGING_SYMBOLS = YES;
				GCC_INLINES_ARE_PRIVATE_EXTERN = NO;
				GCC_OPTIMIZATION_LEVEL = 2;
				GCC_PREPROCESSOR_DEFINITIONS = "'CMAKE_INTDIR=\"$(CONFIGURATION)$(EFFECTIVE_PLATFORM_NAME)\"'";
				GCC_SYMBOLS_PRIVATE_EXTERN = NO;
				HEADER_SEARCH_PATHS = (
					/usr/local/include,
					"/Users/KrazyK/Documents/Udacity/CarND-Model-Predictive-Controller/CarND-MPC-Project-Submission/src/Eigen-3.3",
					/usr/local/opt/openssl/include,
				);
				INSTALL_PATH = "";
				LD_RUNPATH_SEARCH_PATHS = "/usr/local/lib /usr/local/opt/openssl/lib /usr/local/Cellar/libuv/1.11.0/lib";
				LIBRARY_SEARCH_PATHS = (
					"/usr/local/lib/$(CONFIGURATION)$(EFFECTIVE_PLATFORM_NAME)",
					/usr/local/lib,
					"/usr/local/opt/openssl/lib/$(CONFIGURATION)$(EFFECTIVE_PLATFORM_NAME)",
					/usr/local/opt/openssl/lib,
					"/usr/local/Cellar/libuv/1.11.0/lib/$(CONFIGURATION)$(EFFECTIVE_PLATFORM_NAME)",
					/usr/local/Cellar/libuv/1.11.0/lib,
				);
				OTHER_CPLUSPLUSFLAGS = (
					"-Wall",
					"-DNDEBUG",
					"-std=c++11",
					"-O3",
				);
				OTHER_LDFLAGS = (
					"-Wl,-search_paths_first",
					"-Wl,-headerpad_max_install_names",
					"-lipopt",
					"-lz",
					"-lssl",
					"-luv",
					"-luWS",
				);
				OTHER_REZFLAGS = "";
				PRODUCT_NAME = mpc;
				SECTORDER_FLAGS = "";
				SYMROOT = "/Users/KrazyK/Documents/Udacity/CarND-Model-Predictive-Controller/CarND-MPC-Project-Submission";
				USE_HEADERMAP = NO;
				WARNING_CFLAGS = (
					"-Wmost",
					"-Wno-four-char-constants",
					"-Wno-unknown-pragmas",
					"$(inherited)",
				);
			};
			name = RelWithDebInfo;
		};
		38B1EBFB34D64DB085DFB484 /* RelWithDebInfo */ = {
			isa = XCBuildConfiguration;
			buildSettings = {
				ONLY_ACTIVE_ARCH = YES;
				SDKROOT = /Applications/Xcode.app/Contents/Developer/Platforms/MacOSX.platform/Developer/SDKs/MacOSX10.12.sdk;
				SYMROOT = "/Users/KrazyK/Documents/Udacity/CarND-Model-Predictive-Controller/CarND-MPC-Project-Submission/build";
			};
			name = RelWithDebInfo;
		};
		3A98D5E3D6C243919C616C8D /* Release */ = {
			isa = XCBuildConfiguration;
			buildSettings = {
				COMBINE_HIDPI_IMAGES = YES;
				EXECUTABLE_PREFIX = "";
				EXECUTABLE_SUFFIX = "";
				GCC_GENERATE_DEBUGGING_SYMBOLS = NO;
				GCC_INLINES_ARE_PRIVATE_EXTERN = NO;
				GCC_OPTIMIZATION_LEVEL = 3;
				GCC_PREPROCESSOR_DEFINITIONS = "'CMAKE_INTDIR=\"$(CONFIGURATION)$(EFFECTIVE_PLATFORM_NAME)\"'";
				GCC_SYMBOLS_PRIVATE_EXTERN = NO;
				HEADER_SEARCH_PATHS = (
					/usr/local/include,
					"/Users/KrazyK/Documents/Udacity/CarND-Model-Predictive-Controller/CarND-MPC-Project-Submission/src/Eigen-3.3",
					/usr/local/opt/openssl/include,
				);
				INSTALL_PATH = "";
				LD_RUNPATH_SEARCH_PATHS = "/usr/local/lib /usr/local/opt/openssl/lib /usr/local/Cellar/libuv/1.11.0/lib";
				LIBRARY_SEARCH_PATHS = (
					"/usr/local/lib/$(CONFIGURATION)$(EFFECTIVE_PLATFORM_NAME)",
					/usr/local/lib,
					"/usr/local/opt/openssl/lib/$(CONFIGURATION)$(EFFECTIVE_PLATFORM_NAME)",
					/usr/local/opt/openssl/lib,
					"/usr/local/Cellar/libuv/1.11.0/lib/$(CONFIGURATION)$(EFFECTIVE_PLATFORM_NAME)",
					/usr/local/Cellar/libuv/1.11.0/lib,
				);
				OTHER_CPLUSPLUSFLAGS = (
					"-Wall",
					"-DNDEBUG",
					"-std=c++11",
					"-O3",
				);
				OTHER_LDFLAGS = (
					"-Wl,-search_paths_first",
					"-Wl,-headerpad_max_install_names",
					"-lipopt",
					"-lz",
					"-lssl",
					"-luv",
					"-luWS",
				);
				OTHER_REZFLAGS = "";
				PRODUCT_NAME = mpc;
				SECTORDER_FLAGS = "";
				SYMROOT = "/Users/KrazyK/Documents/Udacity/CarND-Model-Predictive-Controller/CarND-MPC-Project-Submission";
				USE_HEADERMAP = NO;
				WARNING_CFLAGS = (
					"-Wmost",
					"-Wno-four-char-constants",
					"-Wno-unknown-pragmas",
					"$(inherited)",
				);
			};
			name = Release;
		};
		4511362F488C400DADAC00C8 /* MinSizeRel */ = {
			isa = XCBuildConfiguration;
			buildSettings = {
				COMBINE_HIDPI_IMAGES = YES;
				GCC_GENERATE_DEBUGGING_SYMBOLS = YES;
				GCC_INLINES_ARE_PRIVATE_EXTERN = NO;
				GCC_OPTIMIZATION_LEVEL = 0;
				GCC_PREPROCESSOR_DEFINITIONS = "'CMAKE_INTDIR=\"$(CONFIGURATION)$(EFFECTIVE_PLATFORM_NAME)\"'";
				GCC_SYMBOLS_PRIVATE_EXTERN = NO;
				HEADER_SEARCH_PATHS = (
					/usr/local/include,
					"/Users/KrazyK/Documents/Udacity/CarND-Model-Predictive-Controller/CarND-MPC-Project-Submission/src/Eigen-3.3",
					/usr/local/opt/openssl/include,
				);
				INSTALL_PATH = "";
				OTHER_LDFLAGS = " ";
				OTHER_REZFLAGS = "";
				PRODUCT_NAME = ALL_BUILD;
				SECTORDER_FLAGS = "";
				SYMROOT = "/Users/KrazyK/Documents/Udacity/CarND-Model-Predictive-Controller/CarND-MPC-Project-Submission";
				USE_HEADERMAP = NO;
				WARNING_CFLAGS = (
					"-Wmost",
					"-Wno-four-char-constants",
					"-Wno-unknown-pragmas",
					"$(inherited)",
				);
			};
			name = MinSizeRel;
		};
		5376D7F9D4B14B2FBDE7C932 /* Debug */ = {
			isa = XCBuildConfiguration;
			buildSettings = {
				COMBINE_HIDPI_IMAGES = YES;
				GCC_GENERATE_DEBUGGING_SYMBOLS = YES;
				GCC_INLINES_ARE_PRIVATE_EXTERN = NO;
				GCC_OPTIMIZATION_LEVEL = 0;
				GCC_PREPROCESSOR_DEFINITIONS = "'CMAKE_INTDIR=\"$(CONFIGURATION)$(EFFECTIVE_PLATFORM_NAME)\"'";
				GCC_SYMBOLS_PRIVATE_EXTERN = NO;
				HEADER_SEARCH_PATHS = (
					/usr/local/include,
					"/Users/KrazyK/Documents/Udacity/CarND-Model-Predictive-Controller/CarND-MPC-Project-Submission/src/Eigen-3.3",
					/usr/local/opt/openssl/include,
				);
				INSTALL_PATH = "";
				OTHER_LDFLAGS = " ";
				OTHER_REZFLAGS = "";
				PRODUCT_NAME = ZERO_CHECK;
				SECTORDER_FLAGS = "";
				SYMROOT = "/Users/KrazyK/Documents/Udacity/CarND-Model-Predictive-Controller/CarND-MPC-Project-Submission";
				USE_HEADERMAP = NO;
				WARNING_CFLAGS = (
					"-Wmost",
					"-Wno-four-char-constants",
					"-Wno-unknown-pragmas",
					"$(inherited)",
				);
			};
			name = Debug;
		};
		5559E22D8696420AA0B63E76 /* Release */ = {
			isa = XCBuildConfiguration;
			buildSettings = {
				ONLY_ACTIVE_ARCH = YES;
				SDKROOT = /Applications/Xcode.app/Contents/Developer/Platforms/MacOSX.platform/Developer/SDKs/MacOSX10.12.sdk;
				SYMROOT = "/Users/KrazyK/Documents/Udacity/CarND-Model-Predictive-Controller/CarND-MPC-Project-Submission/build";
			};
			name = Release;
		};
		6AE8E4CC0A5F4FAEB774AA6B /* RelWithDebInfo */ = {
			isa = XCBuildConfiguration;
			buildSettings = {
				COMBINE_HIDPI_IMAGES = YES;
				GCC_GENERATE_DEBUGGING_SYMBOLS = YES;
				GCC_INLINES_ARE_PRIVATE_EXTERN = NO;
				GCC_OPTIMIZATION_LEVEL = 0;
				GCC_PREPROCESSOR_DEFINITIONS = "'CMAKE_INTDIR=\"$(CONFIGURATION)$(EFFECTIVE_PLATFORM_NAME)\"'";
				GCC_SYMBOLS_PRIVATE_EXTERN = NO;
				HEADER_SEARCH_PATHS = (
					/usr/local/include,
					"/Users/KrazyK/Documents/Udacity/CarND-Model-Predictive-Controller/CarND-MPC-Project-Submission/src/Eigen-3.3",
					/usr/local/opt/openssl/include,
				);
				INSTALL_PATH = "";
				OTHER_LDFLAGS = " ";
				OTHER_REZFLAGS = "";
				PRODUCT_NAME = ZERO_CHECK;
				SECTORDER_FLAGS = "";
				SYMROOT = "/Users/KrazyK/Documents/Udacity/CarND-Model-Predictive-Controller/CarND-MPC-Project-Submission";
				USE_HEADERMAP = NO;
				WARNING_CFLAGS = (
					"-Wmost",
					"-Wno-four-char-constants",
					"-Wno-unknown-pragmas",
					"$(inherited)",
				);
			};
			name = RelWithDebInfo;
		};
		7275175B59DA4BAEB4196A88 /* Release */ = {
			isa = XCBuildConfiguration;
			buildSettings = {
				COMBINE_HIDPI_IMAGES = YES;
				GCC_GENERATE_DEBUGGING_SYMBOLS = YES;
				GCC_INLINES_ARE_PRIVATE_EXTERN = NO;
				GCC_OPTIMIZATION_LEVEL = 0;
				GCC_PREPROCESSOR_DEFINITIONS = "'CMAKE_INTDIR=\"$(CONFIGURATION)$(EFFECTIVE_PLATFORM_NAME)\"'";
				GCC_SYMBOLS_PRIVATE_EXTERN = NO;
				HEADER_SEARCH_PATHS = (
					/usr/local/include,
					"/Users/KrazyK/Documents/Udacity/CarND-Model-Predictive-Controller/CarND-MPC-Project-Submission/src/Eigen-3.3",
					/usr/local/opt/openssl/include,
				);
				INSTALL_PATH = "";
				OTHER_LDFLAGS = " ";
				OTHER_REZFLAGS = "";
				PRODUCT_NAME = ZERO_CHECK;
				SECTORDER_FLAGS = "";
				SYMROOT = "/Users/KrazyK/Documents/Udacity/CarND-Model-Predictive-Controller/CarND-MPC-Project-Submission";
				USE_HEADERMAP = NO;
				WARNING_CFLAGS = (
					"-Wmost",
					"-Wno-four-char-constants",
					"-Wno-unknown-pragmas",
					"$(inherited)",
				);
			};
			name = Release;
		};
		8504AC04D24D4D5AA960693D /* Debug */ = {
			isa = XCBuildConfiguration;
			buildSettings = {
				ONLY_ACTIVE_ARCH = YES;
				SDKROOT = /Applications/Xcode.app/Contents/Developer/Platforms/MacOSX.platform/Developer/SDKs/MacOSX10.12.sdk;
				SYMROOT = "/Users/KrazyK/Documents/Udacity/CarND-Model-Predictive-Controller/CarND-MPC-Project-Submission/build";
			};
			name = Debug;
		};
		854DCFE4BBB54A2582AB5C7B /* MinSizeRel */ = {
			isa = XCBuildConfiguration;
			buildSettings = {
				COMBINE_HIDPI_IMAGES = YES;
				GCC_GENERATE_DEBUGGING_SYMBOLS = YES;
				GCC_INLINES_ARE_PRIVATE_EXTERN = NO;
				GCC_OPTIMIZATION_LEVEL = 0;
				GCC_PREPROCESSOR_DEFINITIONS = "'CMAKE_INTDIR=\"$(CONFIGURATION)$(EFFECTIVE_PLATFORM_NAME)\"'";
				GCC_SYMBOLS_PRIVATE_EXTERN = NO;
				HEADER_SEARCH_PATHS = (
					/usr/local/include,
					"/Users/KrazyK/Documents/Udacity/CarND-Model-Predictive-Controller/CarND-MPC-Project-Submission/src/Eigen-3.3",
					/usr/local/opt/openssl/include,
				);
				INSTALL_PATH = "";
				OTHER_LDFLAGS = " ";
				OTHER_REZFLAGS = "";
				PRODUCT_NAME = ZERO_CHECK;
				SECTORDER_FLAGS = "";
				SYMROOT = "/Users/KrazyK/Documents/Udacity/CarND-Model-Predictive-Controller/CarND-MPC-Project-Submission";
				USE_HEADERMAP = NO;
				WARNING_CFLAGS = (
					"-Wmost",
					"-Wno-four-char-constants",
					"-Wno-unknown-pragmas",
					"$(inherited)",
				);
			};
			name = MinSizeRel;
		};
		A5946906B6A04CA8B9F2DA3D /* MinSizeRel */ = {
			isa = XCBuildConfiguration;
			buildSettings = {
				ONLY_ACTIVE_ARCH = YES;
				SDKROOT = /Applications/Xcode.app/Contents/Developer/Platforms/MacOSX.platform/Developer/SDKs/MacOSX10.12.sdk;
				SYMROOT = "/Users/KrazyK/Documents/Udacity/CarND-Model-Predictive-Controller/CarND-MPC-Project-Submission/build";
			};
			name = MinSizeRel;
		};
		AEB8B44BEACE4E4B97C658FB /* MinSizeRel */ = {
			isa = XCBuildConfiguration;
			buildSettings = {
				COMBINE_HIDPI_IMAGES = YES;
				EXECUTABLE_PREFIX = "";
				EXECUTABLE_SUFFIX = "";
				GCC_GENERATE_DEBUGGING_SYMBOLS = NO;
				GCC_INLINES_ARE_PRIVATE_EXTERN = NO;
				GCC_OPTIMIZATION_LEVEL = s;
				GCC_PREPROCESSOR_DEFINITIONS = "'CMAKE_INTDIR=\"$(CONFIGURATION)$(EFFECTIVE_PLATFORM_NAME)\"'";
				GCC_SYMBOLS_PRIVATE_EXTERN = NO;
				HEADER_SEARCH_PATHS = (
					/usr/local/include,
					"/Users/KrazyK/Documents/Udacity/CarND-Model-Predictive-Controller/CarND-MPC-Project-Submission/src/Eigen-3.3",
					/usr/local/opt/openssl/include,
				);
				INSTALL_PATH = "";
				LD_RUNPATH_SEARCH_PATHS = "/usr/local/lib /usr/local/opt/openssl/lib /usr/local/Cellar/libuv/1.11.0/lib";
				LIBRARY_SEARCH_PATHS = (
					"/usr/local/lib/$(CONFIGURATION)$(EFFECTIVE_PLATFORM_NAME)",
					/usr/local/lib,
					"/usr/local/opt/openssl/lib/$(CONFIGURATION)$(EFFECTIVE_PLATFORM_NAME)",
					/usr/local/opt/openssl/lib,
					"/usr/local/Cellar/libuv/1.11.0/lib/$(CONFIGURATION)$(EFFECTIVE_PLATFORM_NAME)",
					/usr/local/Cellar/libuv/1.11.0/lib,
				);
				OTHER_CPLUSPLUSFLAGS = (
					"-Wall",
					"-DNDEBUG",
					"-std=c++11",
					"-O3",
				);
				OTHER_LDFLAGS = (
					"-Wl,-search_paths_first",
					"-Wl,-headerpad_max_install_names",
					"-lipopt",
					"-lz",
					"-lssl",
					"-luv",
					"-luWS",
				);
				OTHER_REZFLAGS = "";
				PRODUCT_NAME = mpc;
				SECTORDER_FLAGS = "";
				SYMROOT = "/Users/KrazyK/Documents/Udacity/CarND-Model-Predictive-Controller/CarND-MPC-Project-Submission";
				USE_HEADERMAP = NO;
				WARNING_CFLAGS = (
					"-Wmost",
					"-Wno-four-char-constants",
					"-Wno-unknown-pragmas",
					"$(inherited)",
				);
			};
			name = MinSizeRel;
		};
		B138C7D10ED74BEAA78D8224 /* Debug */ = {
			isa = XCBuildConfiguration;
			buildSettings = {
				COMBINE_HIDPI_IMAGES = YES;
				EXECUTABLE_PREFIX = "";
				EXECUTABLE_SUFFIX = "";
				GCC_GENERATE_DEBUGGING_SYMBOLS = YES;
				GCC_INLINES_ARE_PRIVATE_EXTERN = NO;
				GCC_OPTIMIZATION_LEVEL = 0;
				GCC_PREPROCESSOR_DEFINITIONS = "'CMAKE_INTDIR=\"$(CONFIGURATION)$(EFFECTIVE_PLATFORM_NAME)\"'";
				GCC_SYMBOLS_PRIVATE_EXTERN = NO;
				HEADER_SEARCH_PATHS = (
					/usr/local/include,
					"/Users/KrazyK/Documents/Udacity/CarND-Model-Predictive-Controller/CarND-MPC-Project-Submission/src/Eigen-3.3",
					/usr/local/opt/openssl/include,
				);
				INSTALL_PATH = "";
				LD_RUNPATH_SEARCH_PATHS = "/usr/local/lib /usr/local/opt/openssl/lib /usr/local/Cellar/libuv/1.11.0/lib";
				LIBRARY_SEARCH_PATHS = (
					"/usr/local/lib/$(CONFIGURATION)$(EFFECTIVE_PLATFORM_NAME)",
					/usr/local/lib,
					"/usr/local/opt/openssl/lib/$(CONFIGURATION)$(EFFECTIVE_PLATFORM_NAME)",
					/usr/local/opt/openssl/lib,
					"/usr/local/Cellar/libuv/1.11.0/lib/$(CONFIGURATION)$(EFFECTIVE_PLATFORM_NAME)",
					/usr/local/Cellar/libuv/1.11.0/lib,
				);
				OTHER_CPLUSPLUSFLAGS = (
					"-Wall",
					"-std=c++11",
					"-O3",
				);
				OTHER_LDFLAGS = (
					"-Wl,-search_paths_first",
					"-Wl,-headerpad_max_install_names",
					"-lipopt",
					"-lz",
					"-lssl",
					"-luv",
					"-luWS",
				);
				OTHER_REZFLAGS = "";
				PRODUCT_NAME = mpc;
				SECTORDER_FLAGS = "";
				SYMROOT = "/Users/KrazyK/Documents/Udacity/CarND-Model-Predictive-Controller/CarND-MPC-Project-Submission";
				USE_HEADERMAP = NO;
				WARNING_CFLAGS = (
					"-Wmost",
					"-Wno-four-char-constants",
					"-Wno-unknown-pragmas",
					"$(inherited)",
				);
			};
			name = Debug;
		};
		BEED06B0C5E443939AB556A9 /* Debug */ = {
			isa = XCBuildConfiguration;
			buildSettings = {
				COMBINE_HIDPI_IMAGES = YES;
				GCC_GENERATE_DEBUGGING_SYMBOLS = YES;
				GCC_INLINES_ARE_PRIVATE_EXTERN = NO;
				GCC_OPTIMIZATION_LEVEL = 0;
				GCC_PREPROCESSOR_DEFINITIONS = "'CMAKE_INTDIR=\"$(CONFIGURATION)$(EFFECTIVE_PLATFORM_NAME)\"'";
				GCC_SYMBOLS_PRIVATE_EXTERN = NO;
				HEADER_SEARCH_PATHS = (
					/usr/local/include,
					"/Users/KrazyK/Documents/Udacity/CarND-Model-Predictive-Controller/CarND-MPC-Project-Submission/src/Eigen-3.3",
					/usr/local/opt/openssl/include,
				);
				INSTALL_PATH = "";
				OTHER_LDFLAGS = " ";
				OTHER_REZFLAGS = "";
				PRODUCT_NAME = ALL_BUILD;
				SECTORDER_FLAGS = "";
				SYMROOT = "/Users/KrazyK/Documents/Udacity/CarND-Model-Predictive-Controller/CarND-MPC-Project-Submission";
				USE_HEADERMAP = NO;
				WARNING_CFLAGS = (
					"-Wmost",
					"-Wno-four-char-constants",
					"-Wno-unknown-pragmas",
					"$(inherited)",
				);
			};
			name = Debug;
		};
/* End XCBuildConfiguration section */

/* Begin XCConfigurationList section */
		03B34DC8AC284D7CB511FAF1 /* Build configuration list for PBXAggregateTarget "ZERO_CHECK" */ = {
			isa = XCConfigurationList;
			buildConfigurations = (
				5376D7F9D4B14B2FBDE7C932 /* Debug */,
				7275175B59DA4BAEB4196A88 /* Release */,
				854DCFE4BBB54A2582AB5C7B /* MinSizeRel */,
				6AE8E4CC0A5F4FAEB774AA6B /* RelWithDebInfo */,
			);
			defaultConfigurationIsVisible = 0;
			defaultConfigurationName = Debug;
		};
		128F6F11264D4C34B30884D8 /* Build configuration list for PBXAggregateTarget "ALL_BUILD" */ = {
			isa = XCConfigurationList;
			buildConfigurations = (
				BEED06B0C5E443939AB556A9 /* Debug */,
				196868E4023F4BC59D31C55D /* Release */,
				4511362F488C400DADAC00C8 /* MinSizeRel */,
				076D9E1767534514A1E35DB3 /* RelWithDebInfo */,
			);
			defaultConfigurationIsVisible = 0;
			defaultConfigurationName = Debug;
		};
		24B04AE0806646D5A9B1FA29 /* Build configuration list for PBXProject "MPC" */ = {
			isa = XCConfigurationList;
			buildConfigurations = (
				8504AC04D24D4D5AA960693D /* Debug */,
				5559E22D8696420AA0B63E76 /* Release */,
				A5946906B6A04CA8B9F2DA3D /* MinSizeRel */,
				38B1EBFB34D64DB085DFB484 /* RelWithDebInfo */,
			);
			defaultConfigurationIsVisible = 0;
			defaultConfigurationName = Debug;
		};
		4BF79C7459734F60B7635AB5 /* Build configuration list for PBXNativeTarget "mpc" */ = {
			isa = XCConfigurationList;
			buildConfigurations = (
				B138C7D10ED74BEAA78D8224 /* Debug */,
				3A98D5E3D6C243919C616C8D /* Release */,
				AEB8B44BEACE4E4B97C658FB /* MinSizeRel */,
				253D65EAF3E448A7A0D11241 /* RelWithDebInfo */,
			);
			defaultConfigurationIsVisible = 0;
			defaultConfigurationName = Debug;
		};
/* End XCConfigurationList section */
	};
	rootObject = FD840760EEA343CBBFB965AF /* Project object */;
}
